{
  "requires": true,
  "lockfileVersion": 1,
  "dependencies": {
    "@types/googlepay": {
      "version": "0.6.3",
      "resolved": "https://registry.npmjs.org/@types/googlepay/-/googlepay-0.6.3.tgz",
      "integrity": "sha512-mA9d9UoSAKbfcP3xYvTtpyBTxFytu1bwjquy8oZdZPG8z0xnfQwtmTI4F44ptyz8OBWiCmvBj8QR0Rb2D/hQXg==",
      "dev": true
    }
  }
}
